
Microsoft Visual Studio Solution File, Format Version 12.00
# Visual Studio Version 17
VisualStudioVersion = 17.3.32811.315
MinimumVisualStudioVersion = 10.0.40219.1
Project("{FAE04EC0-301F-11D3-BF4B-00C04F79EFBC}") = "Counter", "Counter\Counter.csproj", "{A881E39B-2E93-46A8-A33B-D05B5B360682}"
EndProject
Global
	GlobalSection(SolutionConfigurationPlatforms) = preSolution
		Debug|Any CPU = Debug|Any CPU
		Release|Any CPU = Release|Any CPU
	EndGlobalSection
	GlobalSection(ProjectConfigurationPlatforms) = postSolution
		{A881E39B-2E93-46A8-A33B-D05B5B360682}.Debug|Any CPU.ActiveCfg = Debug|Any CPU
		{A881E39B-2E93-46A8-A33B-D05B5B360682}.Debug|Any CPU.Build.0 = Debug|Any CPU
		{A881E39B-2E93-46A8-A33B-D05B5B360682}.Release|Any CPU.ActiveCfg = Release|Any CPU
		{A881E39B-2E93-46A8-A33B-D05B5B360682}.Release|Any CPU.Build.0 = Release|Any CPU
	EndGlobalSection
	GlobalSection(SolutionProperties) = preSolution
		HideSolutionNode = FALSE
	EndGlobalSection
	GlobalSection(ExtensibilityGlobals) = postSolution
		SolutionGuid = {26590208-427A-4CFE-96C8-677A8CA7DFC3}
	EndGlobalSection
EndGlobal
